// !$*UTF8*$!
{
	archiveVersion = 1;
	classes = {
	};
	objectVersion = 55;
	objects = {

/* Begin PBXBuildFile section */
		CB453305281F71FA00ECCF5D /* ActivityViewModel.swift in Sources */ = {isa = PBXBuildFile; fileRef = CB453304281F71FA00ECCF5D /* ActivityViewModel.swift */; };
		CB453307281F720400ECCF5D /* UserViewModel.swift in Sources */ = {isa = PBXBuildFile; fileRef = CB453306281F720400ECCF5D /* UserViewModel.swift */; };
		CB856E74281CD559005DEDB3 /* StarRatingView.swift in Sources */ = {isa = PBXBuildFile; fileRef = CB856E73281CD559005DEDB3 /* StarRatingView.swift */; };
		CB955D99281D30CD0088F9CD /* ShowActivityView.swift in Sources */ = {isa = PBXBuildFile; fileRef = CB955D98281D30CD0088F9CD /* ShowActivityView.swift */; };
		CBA51934281B7C73003291F5 /* MBTIApp.swift in Sources */ = {isa = PBXBuildFile; fileRef = CBA51933281B7C73003291F5 /* MBTIApp.swift */; };
		CBA51936281B7C73003291F5 /* ContentView.swift in Sources */ = {isa = PBXBuildFile; fileRef = CBA51935281B7C73003291F5 /* ContentView.swift */; };
		CBA51938281B7C74003291F5 /* Assets.xcassets in Resources */ = {isa = PBXBuildFile; fileRef = CBA51937281B7C74003291F5 /* Assets.xcassets */; };
		CBA5193B281B7C74003291F5 /* Preview Assets.xcassets in Resources */ = {isa = PBXBuildFile; fileRef = CBA5193A281B7C74003291F5 /* Preview Assets.xcassets */; };
		CBA51940281B7C74003291F5 /* MBTI.xcdatamodeld in Sources */ = {isa = PBXBuildFile; fileRef = CBA5193E281B7C74003291F5 /* MBTI.xcdatamodeld */; };
		CBA51952281B7FEA003291F5 /* UploadActivityView.swift in Sources */ = {isa = PBXBuildFile; fileRef = CBA51951281B7FEA003291F5 /* UploadActivityView.swift */; };
		CBA51956281B82E9003291F5 /* ActivityListView.swift in Sources */ = {isa = PBXBuildFile; fileRef = CBA51955281B82E9003291F5 /* ActivityListView.swift */; };
		CBA5195A281B837B003291F5 /* SetMbtiView.swift in Sources */ = {isa = PBXBuildFile; fileRef = CBA51959281B837B003291F5 /* SetMbtiView.swift */; };
		CBA5195C281B8387003291F5 /* MyMbtiView.swift in Sources */ = {isa = PBXBuildFile; fileRef = CBA5195B281B8387003291F5 /* MyMbtiView.swift */; };
		CBA5195E281B83DB003291F5 /* HomeView.swift in Sources */ = {isa = PBXBuildFile; fileRef = CBA5195D281B83DB003291F5 /* HomeView.swift */; };
		CBA51961281B848F003291F5 /* CoreDataManager.swift in Sources */ = {isa = PBXBuildFile; fileRef = CBA51960281B848F003291F5 /* CoreDataManager.swift */; };
		CBA51965281B915B003291F5 /* MenuCell.swift in Sources */ = {isa = PBXBuildFile; fileRef = CBA51964281B915B003291F5 /* MenuCell.swift */; };
		CBA51969281B9281003291F5 /* TodayActivityView.swift in Sources */ = {isa = PBXBuildFile; fileRef = CBA51968281B9281003291F5 /* TodayActivityView.swift */; };
		CBA51974281C3BD4003291F5 /* TodayMbtiCell.swift in Sources */ = {isa = PBXBuildFile; fileRef = CBA51973281C3BD4003291F5 /* TodayMbtiCell.swift */; };
		CBA51976281C3BE2003291F5 /* MyMbtiCell.swift in Sources */ = {isa = PBXBuildFile; fileRef = CBA51975281C3BE2003291F5 /* MyMbtiCell.swift */; };
		CBA51978281C3FB9003291F5 /* MbtiTuneCell.swift in Sources */ = {isa = PBXBuildFile; fileRef = CBA51977281C3FB9003291F5 /* MbtiTuneCell.swift */; };
		CBA51980281C49AC003291F5 /* ColorExtension.swift in Sources */ = {isa = PBXBuildFile; fileRef = CBA5197F281C49AC003291F5 /* ColorExtension.swift */; };
/* End PBXBuildFile section */

/* Begin PBXFileReference section */
		CB453304281F71FA00ECCF5D /* ActivityViewModel.swift */ = {isa = PBXFileReference; lastKnownFileType = sourcecode.swift; path = ActivityViewModel.swift; sourceTree = "<group>"; };
		CB453306281F720400ECCF5D /* UserViewModel.swift */ = {isa = PBXFileReference; lastKnownFileType = sourcecode.swift; path = UserViewModel.swift; sourceTree = "<group>"; };
		CB856E73281CD559005DEDB3 /* StarRatingView.swift */ = {isa = PBXFileReference; lastKnownFileType = sourcecode.swift; path = StarRatingView.swift; sourceTree = "<group>"; };
		CB955D98281D30CD0088F9CD /* ShowActivityView.swift */ = {isa = PBXFileReference; lastKnownFileType = sourcecode.swift; path = ShowActivityView.swift; sourceTree = "<group>"; };
		CBA51930281B7C73003291F5 /* MBTI.app */ = {isa = PBXFileReference; explicitFileType = wrapper.application; includeInIndex = 0; path = MBTI.app; sourceTree = BUILT_PRODUCTS_DIR; };
		CBA51933281B7C73003291F5 /* MBTIApp.swift */ = {isa = PBXFileReference; lastKnownFileType = sourcecode.swift; path = MBTIApp.swift; sourceTree = "<group>"; };
		CBA51935281B7C73003291F5 /* ContentView.swift */ = {isa = PBXFileReference; lastKnownFileType = sourcecode.swift; path = ContentView.swift; sourceTree = "<group>"; };
		CBA51937281B7C74003291F5 /* Assets.xcassets */ = {isa = PBXFileReference; lastKnownFileType = folder.assetcatalog; path = Assets.xcassets; sourceTree = "<group>"; };
		CBA5193A281B7C74003291F5 /* Preview Assets.xcassets */ = {isa = PBXFileReference; lastKnownFileType = folder.assetcatalog; path = "Preview Assets.xcassets"; sourceTree = "<group>"; };
		CBA5193F281B7C74003291F5 /* MBTI.xcdatamodel */ = {isa = PBXFileReference; lastKnownFileType = wrapper.xcdatamodel; path = MBTI.xcdatamodel; sourceTree = "<group>"; };
		CBA51951281B7FEA003291F5 /* UploadActivityView.swift */ = {isa = PBXFileReference; lastKnownFileType = sourcecode.swift; path = UploadActivityView.swift; sourceTree = "<group>"; };
		CBA51955281B82E9003291F5 /* ActivityListView.swift */ = {isa = PBXFileReference; lastKnownFileType = sourcecode.swift; path = ActivityListView.swift; sourceTree = "<group>"; };
		CBA51959281B837B003291F5 /* SetMbtiView.swift */ = {isa = PBXFileReference; lastKnownFileType = sourcecode.swift; path = SetMbtiView.swift; sourceTree = "<group>"; };
		CBA5195B281B8387003291F5 /* MyMbtiView.swift */ = {isa = PBXFileReference; lastKnownFileType = sourcecode.swift; path = MyMbtiView.swift; sourceTree = "<group>"; };
		CBA5195D281B83DB003291F5 /* HomeView.swift */ = {isa = PBXFileReference; lastKnownFileType = sourcecode.swift; path = HomeView.swift; sourceTree = "<group>"; };
		CBA51960281B848F003291F5 /* CoreDataManager.swift */ = {isa = PBXFileReference; lastKnownFileType = sourcecode.swift; path = CoreDataManager.swift; sourceTree = "<group>"; };
		CBA51964281B915B003291F5 /* MenuCell.swift */ = {isa = PBXFileReference; lastKnownFileType = sourcecode.swift; path = MenuCell.swift; sourceTree = "<group>"; };
		CBA51968281B9281003291F5 /* TodayActivityView.swift */ = {isa = PBXFileReference; lastKnownFileType = sourcecode.swift; path = TodayActivityView.swift; sourceTree = "<group>"; };
		CBA51973281C3BD4003291F5 /* TodayMbtiCell.swift */ = {isa = PBXFileReference; lastKnownFileType = sourcecode.swift; path = TodayMbtiCell.swift; sourceTree = "<group>"; };
		CBA51975281C3BE2003291F5 /* MyMbtiCell.swift */ = {isa = PBXFileReference; lastKnownFileType = sourcecode.swift; path = MyMbtiCell.swift; sourceTree = "<group>"; };
		CBA51977281C3FB9003291F5 /* MbtiTuneCell.swift */ = {isa = PBXFileReference; lastKnownFileType = sourcecode.swift; path = MbtiTuneCell.swift; sourceTree = "<group>"; };
		CBA5197F281C49AC003291F5 /* ColorExtension.swift */ = {isa = PBXFileReference; lastKnownFileType = sourcecode.swift; path = ColorExtension.swift; sourceTree = "<group>"; };
/* End PBXFileReference section */

/* Begin PBXFrameworksBuildPhase section */
		CBA5192D281B7C73003291F5 /* Frameworks */ = {
			isa = PBXFrameworksBuildPhase;
			buildActionMask = 2147483647;
			files = (
			);
			runOnlyForDeploymentPostprocessing = 0;
		};
/* End PBXFrameworksBuildPhase section */

/* Begin PBXGroup section */
		CB453303281F712F00ECCF5D /* ViewModel */ = {
			isa = PBXGroup;
			children = (
				CB453304281F71FA00ECCF5D /* ActivityViewModel.swift */,
				CB453306281F720400ECCF5D /* UserViewModel.swift */,
			);
			path = ViewModel;
			sourceTree = "<group>";
		};
		CBA51927281B7C73003291F5 = {
			isa = PBXGroup;
			children = (
				CBA51932281B7C73003291F5 /* MBTI */,
				CBA51931281B7C73003291F5 /* Products */,
			);
			sourceTree = "<group>";
		};
		CBA51931281B7C73003291F5 /* Products */ = {
			isa = PBXGroup;
			children = (
				CBA51930281B7C73003291F5 /* MBTI.app */,
			);
			name = Products;
			sourceTree = "<group>";
		};
		CBA51932281B7C73003291F5 /* MBTI */ = {
			isa = PBXGroup;
			children = (
				CB453303281F712F00ECCF5D /* ViewModel */,
				CBA51949281B7CCA003291F5 /* Utils */,
				CBA51947281B7CBB003291F5 /* View */,
				CBA51933281B7C73003291F5 /* MBTIApp.swift */,
				CBA51937281B7C74003291F5 /* Assets.xcassets */,
				CBA5193E281B7C74003291F5 /* MBTI.xcdatamodeld */,
				CBA51939281B7C74003291F5 /* Preview Content */,
			);
			path = MBTI;
			sourceTree = "<group>";
		};
		CBA51939281B7C74003291F5 /* Preview Content */ = {
			isa = PBXGroup;
			children = (
				CBA5193A281B7C74003291F5 /* Preview Assets.xcassets */,
			);
			path = "Preview Content";
			sourceTree = "<group>";
		};
		CBA51947281B7CBB003291F5 /* View */ = {
			isa = PBXGroup;
			children = (
				CBA5196C281C397D003291F5 /* Items */,
				CBA51958281B833A003291F5 /* Mbti */,
				CBA5194D281B7E6A003291F5 /* Activity */,
				CBA5194A281B7D0A003291F5 /* Main */,
			);
			path = View;
			sourceTree = "<group>";
		};
		CBA51949281B7CCA003291F5 /* Utils */ = {
			isa = PBXGroup;
			children = (
				CBA51960281B848F003291F5 /* CoreDataManager.swift */,
				CBA5197F281C49AC003291F5 /* ColorExtension.swift */,
			);
			path = Utils;
			sourceTree = "<group>";
		};
		CBA5194A281B7D0A003291F5 /* Main */ = {
			isa = PBXGroup;
			children = (
				CBA51935281B7C73003291F5 /* ContentView.swift */,
				CBA5195D281B83DB003291F5 /* HomeView.swift */,
			);
			path = Main;
			sourceTree = "<group>";
		};
		CBA5194D281B7E6A003291F5 /* Activity */ = {
			isa = PBXGroup;
			children = (
				CBA51951281B7FEA003291F5 /* UploadActivityView.swift */,
				CBA51968281B9281003291F5 /* TodayActivityView.swift */,
				CB955D98281D30CD0088F9CD /* ShowActivityView.swift */,
			);
			path = Activity;
			sourceTree = "<group>";
		};
		CBA51958281B833A003291F5 /* Mbti */ = {
			isa = PBXGroup;
			children = (
				CBA51959281B837B003291F5 /* SetMbtiView.swift */,
				CBA5195B281B8387003291F5 /* MyMbtiView.swift */,
			);
			path = Mbti;
			sourceTree = "<group>";
		};
		CBA5196C281C397D003291F5 /* Items */ = {
			isa = PBXGroup;
			children = (
				CBA51964281B915B003291F5 /* MenuCell.swift */,
				CBA51973281C3BD4003291F5 /* TodayMbtiCell.swift */,
				CBA51975281C3BE2003291F5 /* MyMbtiCell.swift */,
				CBA51977281C3FB9003291F5 /* MbtiTuneCell.swift */,
				CB856E73281CD559005DEDB3 /* StarRatingView.swift */,
				CBA51955281B82E9003291F5 /* ActivityListView.swift */,
			);
			path = Items;
			sourceTree = "<group>";
		};
/* End PBXGroup section */

/* Begin PBXNativeTarget section */
		CBA5192F281B7C73003291F5 /* MBTI */ = {
			isa = PBXNativeTarget;
			buildConfigurationList = CBA51943281B7C74003291F5 /* Build configuration list for PBXNativeTarget "MBTI" */;
			buildPhases = (
				CBA5192C281B7C73003291F5 /* Sources */,
				CBA5192D281B7C73003291F5 /* Frameworks */,
				CBA5192E281B7C73003291F5 /* Resources */,
			);
			buildRules = (
			);
			dependencies = (
			);
			name = MBTI;
			productName = MBTI;
			productReference = CBA51930281B7C73003291F5 /* MBTI.app */;
			productType = "com.apple.product-type.application";
		};
/* End PBXNativeTarget section */

/* Begin PBXProject section */
		CBA51928281B7C73003291F5 /* Project object */ = {
			isa = PBXProject;
			attributes = {
				BuildIndependentTargetsInParallel = 1;
				LastSwiftUpdateCheck = 1330;
				LastUpgradeCheck = 1330;
				TargetAttributes = {
					CBA5192F281B7C73003291F5 = {
						CreatedOnToolsVersion = 13.3.1;
					};
				};
			};
			buildConfigurationList = CBA5192B281B7C73003291F5 /* Build configuration list for PBXProject "MBTI" */;
			compatibilityVersion = "Xcode 13.0";
			developmentRegion = en;
			hasScannedForEncodings = 0;
			knownRegions = (
				en,
				Base,
			);
			mainGroup = CBA51927281B7C73003291F5;
			productRefGroup = CBA51931281B7C73003291F5 /* Products */;
			projectDirPath = "";
			projectRoot = "";
			targets = (
				CBA5192F281B7C73003291F5 /* MBTI */,
			);
		};
/* End PBXProject section */

/* Begin PBXResourcesBuildPhase section */
		CBA5192E281B7C73003291F5 /* Resources */ = {
			isa = PBXResourcesBuildPhase;
			buildActionMask = 2147483647;
			files = (
				CBA5193B281B7C74003291F5 /* Preview Assets.xcassets in Resources */,
				CBA51938281B7C74003291F5 /* Assets.xcassets in Resources */,
			);
			runOnlyForDeploymentPostprocessing = 0;
		};
/* End PBXResourcesBuildPhase section */

/* Begin PBXSourcesBuildPhase section */
		CBA5192C281B7C73003291F5 /* Sources */ = {
			isa = PBXSourcesBuildPhase;
			buildActionMask = 2147483647;
			files = (
				CBA51940281B7C74003291F5 /* MBTI.xcdatamodeld in Sources */,
				CBA51936281B7C73003291F5 /* ContentView.swift in Sources */,
				CBA51965281B915B003291F5 /* MenuCell.swift in Sources */,
				CBA5195E281B83DB003291F5 /* HomeView.swift in Sources */,
				CBA51980281C49AC003291F5 /* ColorExtension.swift in Sources */,
				CB453305281F71FA00ECCF5D /* ActivityViewModel.swift in Sources */,
				CBA51978281C3FB9003291F5 /* MbtiTuneCell.swift in Sources */,
				CBA51969281B9281003291F5 /* TodayActivityView.swift in Sources */,
				CB955D99281D30CD0088F9CD /* ShowActivityView.swift in Sources */,
				CBA51952281B7FEA003291F5 /* UploadActivityView.swift in Sources */,
				CBA51974281C3BD4003291F5 /* TodayMbtiCell.swift in Sources */,
				CBA5195C281B8387003291F5 /* MyMbtiView.swift in Sources */,
				CB453307281F720400ECCF5D /* UserViewModel.swift in Sources */,
				CBA51976281C3BE2003291F5 /* MyMbtiCell.swift in Sources */,
				CBA51934281B7C73003291F5 /* MBTIApp.swift in Sources */,
				CBA51956281B82E9003291F5 /* ActivityListView.swift in Sources */,
				CBA51961281B848F003291F5 /* CoreDataManager.swift in Sources */,
				CBA5195A281B837B003291F5 /* SetMbtiView.swift in Sources */,
				CB856E74281CD559005DEDB3 /* StarRatingView.swift in Sources */,
			);
			runOnlyForDeploymentPostprocessing = 0;
		};
/* End PBXSourcesBuildPhase section */

/* Begin XCBuildConfiguration section */
		CBA51941281B7C74003291F5 /* Debug */ = {
			isa = XCBuildConfiguration;
			buildSettings = {
				ALWAYS_SEARCH_USER_PATHS = NO;
				CLANG_ANALYZER_NONNULL = YES;
				CLANG_ANALYZER_NUMBER_OBJECT_CONVERSION = YES_AGGRESSIVE;
				CLANG_CXX_LANGUAGE_STANDARD = "gnu++17";
				CLANG_ENABLE_MODULES = YES;
				CLANG_ENABLE_OBJC_ARC = YES;
				CLANG_ENABLE_OBJC_WEAK = YES;
				CLANG_WARN_BLOCK_CAPTURE_AUTORELEASING = YES;
				CLANG_WARN_BOOL_CONVERSION = YES;
				CLANG_WARN_COMMA = YES;
				CLANG_WARN_CONSTANT_CONVERSION = YES;
				CLANG_WARN_DEPRECATED_OBJC_IMPLEMENTATIONS = YES;
				CLANG_WARN_DIRECT_OBJC_ISA_USAGE = YES_ERROR;
				CLANG_WARN_DOCUMENTATION_COMMENTS = YES;
				CLANG_WARN_EMPTY_BODY = YES;
				CLANG_WARN_ENUM_CONVERSION = YES;
				CLANG_WARN_INFINITE_RECURSION = YES;
				CLANG_WARN_INT_CONVERSION = YES;
				CLANG_WARN_NON_LITERAL_NULL_CONVERSION = YES;
				CLANG_WARN_OBJC_IMPLICIT_RETAIN_SELF = YES;
				CLANG_WARN_OBJC_LITERAL_CONVERSION = YES;
				CLANG_WARN_OBJC_ROOT_CLASS = YES_ERROR;
				CLANG_WARN_QUOTED_INCLUDE_IN_FRAMEWORK_HEADER = YES;
				CLANG_WARN_RANGE_LOOP_ANALYSIS = YES;
				CLANG_WARN_STRICT_PROTOTYPES = YES;
				CLANG_WARN_SUSPICIOUS_MOVE = YES;
				CLANG_WARN_UNGUARDED_AVAILABILITY = YES_AGGRESSIVE;
				CLANG_WARN_UNREACHABLE_CODE = YES;
				CLANG_WARN__DUPLICATE_METHOD_MATCH = YES;
				COPY_PHASE_STRIP = NO;
				DEBUG_INFORMATION_FORMAT = dwarf;
				ENABLE_STRICT_OBJC_MSGSEND = YES;
				ENABLE_TESTABILITY = YES;
				GCC_C_LANGUAGE_STANDARD = gnu11;
				GCC_DYNAMIC_NO_PIC = NO;
				GCC_NO_COMMON_BLOCKS = YES;
				GCC_OPTIMIZATION_LEVEL = 0;
				GCC_PREPROCESSOR_DEFINITIONS = (
					"DEBUG=1",
					"$(inherited)",
				);
				GCC_WARN_64_TO_32_BIT_CONVERSION = YES;
				GCC_WARN_ABOUT_RETURN_TYPE = YES_ERROR;
				GCC_WARN_UNDECLARED_SELECTOR = YES;
				GCC_WARN_UNINITIALIZED_AUTOS = YES_AGGRESSIVE;
				GCC_WARN_UNUSED_FUNCTION = YES;
				GCC_WARN_UNUSED_VARIABLE = YES;
				IPHONEOS_DEPLOYMENT_TARGET = 15.4;
				MTL_ENABLE_DEBUG_INFO = INCLUDE_SOURCE;
				MTL_FAST_MATH = YES;
				ONLY_ACTIVE_ARCH = YES;
				SDKROOT = iphoneos;
				SWIFT_ACTIVE_COMPILATION_CONDITIONS = DEBUG;
				SWIFT_OPTIMIZATION_LEVEL = "-Onone";
			};
			name = Debug;
		};
		CBA51942281B7C74003291F5 /* Release */ = {
			isa = XCBuildConfiguration;
			buildSettings = {
				ALWAYS_SEARCH_USER_PATHS = NO;
				CLANG_ANALYZER_NONNULL = YES;
				CLANG_ANALYZER_NUMBER_OBJECT_CONVERSION = YES_AGGRESSIVE;
				CLANG_CXX_LANGUAGE_STANDARD = "gnu++17";
				CLANG_ENABLE_MODULES = YES;
				CLANG_ENABLE_OBJC_ARC = YES;
				CLANG_ENABLE_OBJC_WEAK = YES;
				CLANG_WARN_BLOCK_CAPTURE_AUTORELEASING = YES;
				CLANG_WARN_BOOL_CONVERSION = YES;
				CLANG_WARN_COMMA = YES;
				CLANG_WARN_CONSTANT_CONVERSION = YES;
				CLANG_WARN_DEPRECATED_OBJC_IMPLEMENTATIONS = YES;
				CLANG_WARN_DIRECT_OBJC_ISA_USAGE = YES_ERROR;
				CLANG_WARN_DOCUMENTATION_COMMENTS = YES;
				CLANG_WARN_EMPTY_BODY = YES;
				CLANG_WARN_ENUM_CONVERSION = YES;
				CLANG_WARN_INFINITE_RECURSION = YES;
				CLANG_WARN_INT_CONVERSION = YES;
				CLANG_WARN_NON_LITERAL_NULL_CONVERSION = YES;
				CLANG_WARN_OBJC_IMPLICIT_RETAIN_SELF = YES;
				CLANG_WARN_OBJC_LITERAL_CONVERSION = YES;
				CLANG_WARN_OBJC_ROOT_CLASS = YES_ERROR;
				CLANG_WARN_QUOTED_INCLUDE_IN_FRAMEWORK_HEADER = YES;
				CLANG_WARN_RANGE_LOOP_ANALYSIS = YES;
				CLANG_WARN_STRICT_PROTOTYPES = YES;
				CLANG_WARN_SUSPICIOUS_MOVE = YES;
				CLANG_WARN_UNGUARDED_AVAILABILITY = YES_AGGRESSIVE;
				CLANG_WARN_UNREACHABLE_CODE = YES;
				CLANG_WARN__DUPLICATE_METHOD_MATCH = YES;
				COPY_PHASE_STRIP = NO;
				DEBUG_INFORMATION_FORMAT = "dwarf-with-dsym";
				ENABLE_NS_ASSERTIONS = NO;
				ENABLE_STRICT_OBJC_MSGSEND = YES;
				GCC_C_LANGUAGE_STANDARD = gnu11;
				GCC_NO_COMMON_BLOCKS = YES;
				GCC_WARN_64_TO_32_BIT_CONVERSION = YES;
				GCC_WARN_ABOUT_RETURN_TYPE = YES_ERROR;
				GCC_WARN_UNDECLARED_SELECTOR = YES;
				GCC_WARN_UNINITIALIZED_AUTOS = YES_AGGRESSIVE;
				GCC_WARN_UNUSED_FUNCTION = YES;
				GCC_WARN_UNUSED_VARIABLE = YES;
				IPHONEOS_DEPLOYMENT_TARGET = 15.4;
				MTL_ENABLE_DEBUG_INFO = NO;
				MTL_FAST_MATH = YES;
				SDKROOT = iphoneos;
				SWIFT_COMPILATION_MODE = wholemodule;
				SWIFT_OPTIMIZATION_LEVEL = "-O";
				VALIDATE_PRODUCT = YES;
			};
			name = Release;
		};
		CBA51944281B7C74003291F5 /* Debug */ = {
			isa = XCBuildConfiguration;
			buildSettings = {
				ASSETCATALOG_COMPILER_APPICON_NAME = AppIcon;
				ASSETCATALOG_COMPILER_GLOBAL_ACCENT_COLOR_NAME = AccentColor;
				CODE_SIGN_STYLE = Automatic;
				CURRENT_PROJECT_VERSION = 1;
				DEVELOPMENT_ASSET_PATHS = "\"MBTI/Preview Content\"";
				DEVELOPMENT_TEAM = 3Y8YH8GWMM;
				ENABLE_PREVIEWS = YES;
				GENERATE_INFOPLIST_FILE = YES;
				INFOPLIST_KEY_UIApplicationSceneManifest_Generation = YES;
				INFOPLIST_KEY_UIApplicationSupportsIndirectInputEvents = YES;
				INFOPLIST_KEY_UILaunchScreen_Generation = YES;
				INFOPLIST_KEY_UISupportedInterfaceOrientations_iPad = "UIInterfaceOrientationPortrait UIInterfaceOrientationPortraitUpsideDown UIInterfaceOrientationLandscapeLeft UIInterfaceOrientationLandscapeRight";
				INFOPLIST_KEY_UISupportedInterfaceOrientations_iPhone = "UIInterfaceOrientationPortrait UIInterfaceOrientationLandscapeLeft UIInterfaceOrientationLandscapeRight";
				LD_RUNPATH_SEARCH_PATHS = (
					"$(inherited)",
					"@executable_path/Frameworks",
				);
				MARKETING_VERSION = 1.0;
				PRODUCT_BUNDLE_IDENTIFIER = com.coby.MBTI;
				PRODUCT_NAME = "$(TARGET_NAME)";
				SWIFT_EMIT_LOC_STRINGS = YES;
				SWIFT_VERSION = 5.0;
				TARGETED_DEVICE_FAMILY = "1,2";
			};
			name = Debug;
		};
		CBA51945281B7C74003291F5 /* Release */ = {
			isa = XCBuildConfiguration;
			buildSettings = {
				ASSETCATALOG_COMPILER_APPICON_NAME = AppIcon;
				ASSETCATALOG_COMPILER_GLOBAL_ACCENT_COLOR_NAME = AccentColor;
				CODE_SIGN_STYLE = Automatic;
				CURRENT_PROJECT_VERSION = 1;
				DEVELOPMENT_ASSET_PATHS = "\"MBTI/Preview Content\"";
				DEVELOPMENT_TEAM = 3Y8YH8GWMM;
				ENABLE_PREVIEWS = YES;
				GENERATE_INFOPLIST_FILE = YES;
				INFOPLIST_KEY_UIApplicationSceneManifest_Generation = YES;
				INFOPLIST_KEY_UIApplicationSupportsIndirectInputEvents = YES;
				INFOPLIST_KEY_UILaunchScreen_Generation = YES;
				INFOPLIST_KEY_UISupportedInterfaceOrientations_iPad = "UIInterfaceOrientationPortrait UIInterfaceOrientationPortraitUpsideDown UIInterfaceOrientationLandscapeLeft UIInterfaceOrientationLandscapeRight";
				INFOPLIST_KEY_UISupportedInterfaceOrientations_iPhone = "UIInterfaceOrientationPortrait UIInterfaceOrientationLandscapeLeft UIInterfaceOrientationLandscapeRight";
				LD_RUNPATH_SEARCH_PATHS = (
					"$(inherited)",
					"@executable_path/Frameworks",
				);
				MARKETING_VERSION = 1.0;
				PRODUCT_BUNDLE_IDENTIFIER = com.coby.MBTI;
				PRODUCT_NAME = "$(TARGET_NAME)";
				SWIFT_EMIT_LOC_STRINGS = YES;
				SWIFT_VERSION = 5.0;
				TARGETED_DEVICE_FAMILY = "1,2";
			};
			name = Release;
		};
/* End XCBuildConfiguration section */

/* Begin XCConfigurationList section */
		CBA5192B281B7C73003291F5 /* Build configuration list for PBXProject "MBTI" */ = {
			isa = XCConfigurationList;
			buildConfigurations = (
				CBA51941281B7C74003291F5 /* Debug */,
				CBA51942281B7C74003291F5 /* Release */,
			);
			defaultConfigurationIsVisible = 0;
			defaultConfigurationName = Release;
		};
		CBA51943281B7C74003291F5 /* Build configuration list for PBXNativeTarget "MBTI" */ = {
			isa = XCConfigurationList;
			buildConfigurations = (
				CBA51944281B7C74003291F5 /* Debug */,
				CBA51945281B7C74003291F5 /* Release */,
			);
			defaultConfigurationIsVisible = 0;
			defaultConfigurationName = Release;
		};
/* End XCConfigurationList section */

/* Begin XCVersionGroup section */
		CBA5193E281B7C74003291F5 /* MBTI.xcdatamodeld */ = {
			isa = XCVersionGroup;
			children = (
				CBA5193F281B7C74003291F5 /* MBTI.xcdatamodel */,
			);
			currentVersion = CBA5193F281B7C74003291F5 /* MBTI.xcdatamodel */;
			path = MBTI.xcdatamodeld;
			sourceTree = "<group>";
			versionGroupType = wrapper.xcdatamodel;
		};
/* End XCVersionGroup section */
	};
	rootObject = CBA51928281B7C73003291F5 /* Project object */;
}
